
Microsoft Visual Studio Solution File, Format Version 12.00
# Visual Studio Version 17
VisualStudioVersion = 17.10.35013.160
MinimumVisualStudioVersion = 10.0.40219.1
Project("{FAE04EC0-301F-11D3-BF4B-00C04F79EFBC}") = "EmployeeArch", "EmployeeArch\EmployeeArch.csproj", "{AE662C5A-FD13-48BE-B8AA-1D86AFE1B5B6}"
EndProject
Project("{FAE04EC0-301F-11D3-BF4B-00C04F79EFBC}") = "ProductArch", "ProductArch\ProductArch.csproj", "{BF167013-064C-47A0-A885-ECF4C8851386}"
EndProject
Global
	GlobalSection(SolutionConfigurationPlatforms) = preSolution
		Debug|Any CPU = Debug|Any CPU
		Release|Any CPU = Release|Any CPU
	EndGlobalSection
	GlobalSection(ProjectConfigurationPlatforms) = postSolution
		{AE662C5A-FD13-48BE-B8AA-1D86AFE1B5B6}.Debug|Any CPU.ActiveCfg = Debug|Any CPU
		{AE662C5A-FD13-48BE-B8AA-1D86AFE1B5B6}.Debug|Any CPU.Build.0 = Debug|Any CPU
		{AE662C5A-FD13-48BE-B8AA-1D86AFE1B5B6}.Release|Any CPU.ActiveCfg = Release|Any CPU
		{AE662C5A-FD13-48BE-B8AA-1D86AFE1B5B6}.Release|Any CPU.Build.0 = Release|Any CPU
		{BF167013-064C-47A0-A885-ECF4C8851386}.Debug|Any CPU.ActiveCfg = Debug|Any CPU
		{BF167013-064C-47A0-A885-ECF4C8851386}.Debug|Any CPU.Build.0 = Debug|Any CPU
		{BF167013-064C-47A0-A885-ECF4C8851386}.Release|Any CPU.ActiveCfg = Release|Any CPU
		{BF167013-064C-47A0-A885-ECF4C8851386}.Release|Any CPU.Build.0 = Release|Any CPU
	EndGlobalSection
	GlobalSection(SolutionProperties) = preSolution
		HideSolutionNode = FALSE
	EndGlobalSection
	GlobalSection(ExtensibilityGlobals) = postSolution
		SolutionGuid = {8D9B2F4D-0781-477F-8BDC-3FABDB534E6B}
	EndGlobalSection
EndGlobal
