
Microsoft Visual Studio Solution File, Format Version 12.00
# Visual Studio Version 17
VisualStudioVersion = 17.10.35013.160
MinimumVisualStudioVersion = 10.0.40219.1
Project("{FAE04EC0-301F-11D3-BF4B-00C04F79EFBC}") = "helloWorld", "Assignment_01\helloWorld.csproj", "{B799895E-6F63-4FBD-AE75-CCB1701D7D76}"
EndProject
Project("{FAE04EC0-301F-11D3-BF4B-00C04F79EFBC}") = "MaxOfThree_11", "MaxOfThree_11\MaxOfThree_11.csproj", "{4F90ED99-B271-49F1-9E18-3159022B9118}"
EndProject
Project("{FAE04EC0-301F-11D3-BF4B-00C04F79EFBC}") = "EmployeeData_12", "EmployeeData_12\EmployeeData_12.csproj", "{0DC823A4-5E28-4057-B7B7-D1FB6AAC7452}"
EndProject
Project("{FAE04EC0-301F-11D3-BF4B-00C04F79EFBC}") = "DateFormat_13", "DateFormat_13\DateFormat_13.csproj", "{62EC2770-AFA3-44D4-8F95-A5629F028227}"
EndProject
Project("{FAE04EC0-301F-11D3-BF4B-00C04F79EFBC}") = "StaticClassExample", "StaticClassExample\StaticClassExample.csproj", "{ECCECB6D-9FF8-4CAC-AC09-A99FEBE13599}"
EndProject
Project("{FAE04EC0-301F-11D3-BF4B-00C04F79EFBC}") = "ArrayExample", "ArrayExample\ArrayExample.csproj", "{D347529E-B6E1-4B18-9131-9E32EE595313}"
EndProject
Project("{FAE04EC0-301F-11D3-BF4B-00C04F79EFBC}") = "2DArrays", "2DArrays\2DArrays.csproj", "{8E65C77C-2575-43A4-A0CB-1135997BAC04}"
EndProject
Project("{FAE04EC0-301F-11D3-BF4B-00C04F79EFBC}") = "JaggedArrayExample", "JaggedArrayExample\JaggedArrayExample.csproj", "{E2F05E62-4B0E-47C1-A935-AB1904507270}"
EndProject
Project("{FAE04EC0-301F-11D3-BF4B-00C04F79EFBC}") = "AbsoluteValue_14", "AbsoluteValue_14\AbsoluteValue_14.csproj", "{B1581C19-DC47-4F21-9900-5C127483330C}"
EndProject
Project("{FAE04EC0-301F-11D3-BF4B-00C04F79EFBC}") = "ASCIIFrom0-255_15", "ASCIIFrom0-255_15\ASCIIFrom0-255_15.csproj", "{C5AA297B-0072-4FA4-BC0C-6E0C44306AF7}"
EndProject
Project("{FAE04EC0-301F-11D3-BF4B-00C04F79EFBC}") = "Primeornot", "Primeornot\Primeornot.csproj", "{5C8D6A2C-E110-4C7E-8B30-61D7A892EC45}"
EndProject
Project("{FAE04EC0-301F-11D3-BF4B-00C04F79EFBC}") = "Pattern_17", "Pattern_17\Pattern_17.csproj", "{1352FE24-2F24-43B4-BCD7-B945C5BE48FC}"
EndProject
Project("{FAE04EC0-301F-11D3-BF4B-00C04F79EFBC}") = "ACSII", "ACSII\ACSII.csproj", "{93C6D7AF-80F7-4682-A960-54ADA5CF1ABD}"
EndProject
Project("{FAE04EC0-301F-11D3-BF4B-00C04F79EFBC}") = "AdditionHArdcoded", "AdditionHArdcoded\AdditionHArdcoded.csproj", "{E3CDA7BF-3229-4C9B-A80F-AB023F3A9EC4}"
EndProject
Project("{FAE04EC0-301F-11D3-BF4B-00C04F79EFBC}") = "Average", "Average\Average.csproj", "{93EEF84D-5436-4C64-84F1-81A61E6ECBCF}"
EndProject
Project("{FAE04EC0-301F-11D3-BF4B-00C04F79EFBC}") = "Commission", "Commission\Commission.csproj", "{AB146FC8-B040-4583-8C72-7AEA002D32C8}"
EndProject
Project("{FAE04EC0-301F-11D3-BF4B-00C04F79EFBC}") = "Leap", "Leap\Leap.csproj", "{91E1BD41-92B3-4C5D-B94F-9C0B4C1160B1}"
EndProject
Project("{FAE04EC0-301F-11D3-BF4B-00C04F79EFBC}") = "ListExample", "GenericCollections\ListExample\ListExample.csproj", "{5C0EDB9D-9FFF-4D47-856C-60E0DBF34CE7}"
EndProject
Project("{FAE04EC0-301F-11D3-BF4B-00C04F79EFBC}") = "SUM", "SUM\SUM.csproj", "{66DB756C-53B9-48BB-8B87-C30E1BAC75FF}"
EndProject
Project("{FAE04EC0-301F-11D3-BF4B-00C04F79EFBC}") = "Swap", "Swap\Swap.csproj", "{247110FB-14FE-4BCE-8CCA-BD822E978EC9}"
EndProject
Project("{FAE04EC0-301F-11D3-BF4B-00C04F79EFBC}") = "NetSalary", "NetSalary\NetSalary.csproj", "{7D64A549-E718-4980-9889-10776B86162D}"
EndProject
Global
	GlobalSection(SolutionConfigurationPlatforms) = preSolution
		Debug|Any CPU = Debug|Any CPU
		Release|Any CPU = Release|Any CPU
	EndGlobalSection
	GlobalSection(ProjectConfigurationPlatforms) = postSolution
		{B799895E-6F63-4FBD-AE75-CCB1701D7D76}.Debug|Any CPU.ActiveCfg = Debug|Any CPU
		{B799895E-6F63-4FBD-AE75-CCB1701D7D76}.Debug|Any CPU.Build.0 = Debug|Any CPU
		{B799895E-6F63-4FBD-AE75-CCB1701D7D76}.Release|Any CPU.ActiveCfg = Release|Any CPU
		{B799895E-6F63-4FBD-AE75-CCB1701D7D76}.Release|Any CPU.Build.0 = Release|Any CPU
		{4F90ED99-B271-49F1-9E18-3159022B9118}.Debug|Any CPU.ActiveCfg = Debug|Any CPU
		{4F90ED99-B271-49F1-9E18-3159022B9118}.Debug|Any CPU.Build.0 = Debug|Any CPU
		{4F90ED99-B271-49F1-9E18-3159022B9118}.Release|Any CPU.ActiveCfg = Release|Any CPU
		{4F90ED99-B271-49F1-9E18-3159022B9118}.Release|Any CPU.Build.0 = Release|Any CPU
		{0DC823A4-5E28-4057-B7B7-D1FB6AAC7452}.Debug|Any CPU.ActiveCfg = Debug|Any CPU
		{0DC823A4-5E28-4057-B7B7-D1FB6AAC7452}.Debug|Any CPU.Build.0 = Debug|Any CPU
		{0DC823A4-5E28-4057-B7B7-D1FB6AAC7452}.Release|Any CPU.ActiveCfg = Release|Any CPU
		{0DC823A4-5E28-4057-B7B7-D1FB6AAC7452}.Release|Any CPU.Build.0 = Release|Any CPU
		{62EC2770-AFA3-44D4-8F95-A5629F028227}.Debug|Any CPU.ActiveCfg = Debug|Any CPU
		{62EC2770-AFA3-44D4-8F95-A5629F028227}.Debug|Any CPU.Build.0 = Debug|Any CPU
		{62EC2770-AFA3-44D4-8F95-A5629F028227}.Release|Any CPU.ActiveCfg = Release|Any CPU
		{62EC2770-AFA3-44D4-8F95-A5629F028227}.Release|Any CPU.Build.0 = Release|Any CPU
		{ECCECB6D-9FF8-4CAC-AC09-A99FEBE13599}.Debug|Any CPU.ActiveCfg = Debug|Any CPU
		{ECCECB6D-9FF8-4CAC-AC09-A99FEBE13599}.Debug|Any CPU.Build.0 = Debug|Any CPU
		{ECCECB6D-9FF8-4CAC-AC09-A99FEBE13599}.Release|Any CPU.ActiveCfg = Release|Any CPU
		{ECCECB6D-9FF8-4CAC-AC09-A99FEBE13599}.Release|Any CPU.Build.0 = Release|Any CPU
		{D347529E-B6E1-4B18-9131-9E32EE595313}.Debug|Any CPU.ActiveCfg = Debug|Any CPU
		{D347529E-B6E1-4B18-9131-9E32EE595313}.Debug|Any CPU.Build.0 = Debug|Any CPU
		{D347529E-B6E1-4B18-9131-9E32EE595313}.Release|Any CPU.ActiveCfg = Release|Any CPU
		{D347529E-B6E1-4B18-9131-9E32EE595313}.Release|Any CPU.Build.0 = Release|Any CPU
		{8E65C77C-2575-43A4-A0CB-1135997BAC04}.Debug|Any CPU.ActiveCfg = Debug|Any CPU
		{8E65C77C-2575-43A4-A0CB-1135997BAC04}.Debug|Any CPU.Build.0 = Debug|Any CPU
		{8E65C77C-2575-43A4-A0CB-1135997BAC04}.Release|Any CPU.ActiveCfg = Release|Any CPU
		{8E65C77C-2575-43A4-A0CB-1135997BAC04}.Release|Any CPU.Build.0 = Release|Any CPU
		{E2F05E62-4B0E-47C1-A935-AB1904507270}.Debug|Any CPU.ActiveCfg = Debug|Any CPU
		{E2F05E62-4B0E-47C1-A935-AB1904507270}.Debug|Any CPU.Build.0 = Debug|Any CPU
		{E2F05E62-4B0E-47C1-A935-AB1904507270}.Release|Any CPU.ActiveCfg = Release|Any CPU
		{E2F05E62-4B0E-47C1-A935-AB1904507270}.Release|Any CPU.Build.0 = Release|Any CPU
		{B1581C19-DC47-4F21-9900-5C127483330C}.Debug|Any CPU.ActiveCfg = Debug|Any CPU
		{B1581C19-DC47-4F21-9900-5C127483330C}.Debug|Any CPU.Build.0 = Debug|Any CPU
		{B1581C19-DC47-4F21-9900-5C127483330C}.Release|Any CPU.ActiveCfg = Release|Any CPU
		{B1581C19-DC47-4F21-9900-5C127483330C}.Release|Any CPU.Build.0 = Release|Any CPU
		{C5AA297B-0072-4FA4-BC0C-6E0C44306AF7}.Debug|Any CPU.ActiveCfg = Debug|Any CPU
		{C5AA297B-0072-4FA4-BC0C-6E0C44306AF7}.Debug|Any CPU.Build.0 = Debug|Any CPU
		{C5AA297B-0072-4FA4-BC0C-6E0C44306AF7}.Release|Any CPU.ActiveCfg = Release|Any CPU
		{C5AA297B-0072-4FA4-BC0C-6E0C44306AF7}.Release|Any CPU.Build.0 = Release|Any CPU
		{5C8D6A2C-E110-4C7E-8B30-61D7A892EC45}.Debug|Any CPU.ActiveCfg = Debug|Any CPU
		{5C8D6A2C-E110-4C7E-8B30-61D7A892EC45}.Debug|Any CPU.Build.0 = Debug|Any CPU
		{5C8D6A2C-E110-4C7E-8B30-61D7A892EC45}.Release|Any CPU.ActiveCfg = Release|Any CPU
		{5C8D6A2C-E110-4C7E-8B30-61D7A892EC45}.Release|Any CPU.Build.0 = Release|Any CPU
		{1352FE24-2F24-43B4-BCD7-B945C5BE48FC}.Debug|Any CPU.ActiveCfg = Debug|Any CPU
		{1352FE24-2F24-43B4-BCD7-B945C5BE48FC}.Debug|Any CPU.Build.0 = Debug|Any CPU
		{1352FE24-2F24-43B4-BCD7-B945C5BE48FC}.Release|Any CPU.ActiveCfg = Release|Any CPU
		{1352FE24-2F24-43B4-BCD7-B945C5BE48FC}.Release|Any CPU.Build.0 = Release|Any CPU
		{93C6D7AF-80F7-4682-A960-54ADA5CF1ABD}.Debug|Any CPU.ActiveCfg = Debug|Any CPU
		{93C6D7AF-80F7-4682-A960-54ADA5CF1ABD}.Debug|Any CPU.Build.0 = Debug|Any CPU
		{93C6D7AF-80F7-4682-A960-54ADA5CF1ABD}.Release|Any CPU.ActiveCfg = Release|Any CPU
		{93C6D7AF-80F7-4682-A960-54ADA5CF1ABD}.Release|Any CPU.Build.0 = Release|Any CPU
		{E3CDA7BF-3229-4C9B-A80F-AB023F3A9EC4}.Debug|Any CPU.ActiveCfg = Debug|Any CPU
		{E3CDA7BF-3229-4C9B-A80F-AB023F3A9EC4}.Debug|Any CPU.Build.0 = Debug|Any CPU
		{E3CDA7BF-3229-4C9B-A80F-AB023F3A9EC4}.Release|Any CPU.ActiveCfg = Release|Any CPU
		{E3CDA7BF-3229-4C9B-A80F-AB023F3A9EC4}.Release|Any CPU.Build.0 = Release|Any CPU
		{93EEF84D-5436-4C64-84F1-81A61E6ECBCF}.Debug|Any CPU.ActiveCfg = Debug|Any CPU
		{93EEF84D-5436-4C64-84F1-81A61E6ECBCF}.Debug|Any CPU.Build.0 = Debug|Any CPU
		{93EEF84D-5436-4C64-84F1-81A61E6ECBCF}.Release|Any CPU.ActiveCfg = Release|Any CPU
		{93EEF84D-5436-4C64-84F1-81A61E6ECBCF}.Release|Any CPU.Build.0 = Release|Any CPU
		{AB146FC8-B040-4583-8C72-7AEA002D32C8}.Debug|Any CPU.ActiveCfg = Debug|Any CPU
		{AB146FC8-B040-4583-8C72-7AEA002D32C8}.Debug|Any CPU.Build.0 = Debug|Any CPU
		{AB146FC8-B040-4583-8C72-7AEA002D32C8}.Release|Any CPU.ActiveCfg = Release|Any CPU
		{AB146FC8-B040-4583-8C72-7AEA002D32C8}.Release|Any CPU.Build.0 = Release|Any CPU
		{91E1BD41-92B3-4C5D-B94F-9C0B4C1160B1}.Debug|Any CPU.ActiveCfg = Debug|Any CPU
		{91E1BD41-92B3-4C5D-B94F-9C0B4C1160B1}.Debug|Any CPU.Build.0 = Debug|Any CPU
		{91E1BD41-92B3-4C5D-B94F-9C0B4C1160B1}.Release|Any CPU.ActiveCfg = Release|Any CPU
		{91E1BD41-92B3-4C5D-B94F-9C0B4C1160B1}.Release|Any CPU.Build.0 = Release|Any CPU
		{5C0EDB9D-9FFF-4D47-856C-60E0DBF34CE7}.Debug|Any CPU.ActiveCfg = Debug|Any CPU
		{5C0EDB9D-9FFF-4D47-856C-60E0DBF34CE7}.Debug|Any CPU.Build.0 = Debug|Any CPU
		{5C0EDB9D-9FFF-4D47-856C-60E0DBF34CE7}.Release|Any CPU.ActiveCfg = Release|Any CPU
		{5C0EDB9D-9FFF-4D47-856C-60E0DBF34CE7}.Release|Any CPU.Build.0 = Release|Any CPU
		{66DB756C-53B9-48BB-8B87-C30E1BAC75FF}.Debug|Any CPU.ActiveCfg = Debug|Any CPU
		{66DB756C-53B9-48BB-8B87-C30E1BAC75FF}.Debug|Any CPU.Build.0 = Debug|Any CPU
		{66DB756C-53B9-48BB-8B87-C30E1BAC75FF}.Release|Any CPU.ActiveCfg = Release|Any CPU
		{66DB756C-53B9-48BB-8B87-C30E1BAC75FF}.Release|Any CPU.Build.0 = Release|Any CPU
		{247110FB-14FE-4BCE-8CCA-BD822E978EC9}.Debug|Any CPU.ActiveCfg = Debug|Any CPU
		{247110FB-14FE-4BCE-8CCA-BD822E978EC9}.Debug|Any CPU.Build.0 = Debug|Any CPU
		{247110FB-14FE-4BCE-8CCA-BD822E978EC9}.Release|Any CPU.ActiveCfg = Release|Any CPU
		{247110FB-14FE-4BCE-8CCA-BD822E978EC9}.Release|Any CPU.Build.0 = Release|Any CPU
		{7D64A549-E718-4980-9889-10776B86162D}.Debug|Any CPU.ActiveCfg = Debug|Any CPU
		{7D64A549-E718-4980-9889-10776B86162D}.Debug|Any CPU.Build.0 = Debug|Any CPU
		{7D64A549-E718-4980-9889-10776B86162D}.Release|Any CPU.ActiveCfg = Release|Any CPU
		{7D64A549-E718-4980-9889-10776B86162D}.Release|Any CPU.Build.0 = Release|Any CPU
	EndGlobalSection
	GlobalSection(SolutionProperties) = preSolution
		HideSolutionNode = FALSE
	EndGlobalSection
	GlobalSection(ExtensibilityGlobals) = postSolution
		SolutionGuid = {247FA22B-FF73-432D-A3BA-AF26BB8CA670}
	EndGlobalSection
EndGlobal
