
Microsoft Visual Studio Solution File, Format Version 12.00
# Visual Studio Version 17
VisualStudioVersion = 17.4.33205.214
MinimumVisualStudioVersion = 10.0.40219.1
Project("{FAE04EC0-301F-11D3-BF4B-00C04F79EFBC}") = "eCommerce.Api", "eCommerce.Api\eCommerce.Api.csproj", "{53BA54A8-9924-4FBA-B7A3-0BA5ABA4FE7F}"
EndProject
Global
	GlobalSection(SolutionConfigurationPlatforms) = preSolution
		Debug|Any CPU = Debug|Any CPU
		Release|Any CPU = Release|Any CPU
	EndGlobalSection
	GlobalSection(ProjectConfigurationPlatforms) = postSolution
		{53BA54A8-9924-4FBA-B7A3-0BA5ABA4FE7F}.Debug|Any CPU.ActiveCfg = Debug|Any CPU
		{53BA54A8-9924-4FBA-B7A3-0BA5ABA4FE7F}.Debug|Any CPU.Build.0 = Debug|Any CPU
		{53BA54A8-9924-4FBA-B7A3-0BA5ABA4FE7F}.Release|Any CPU.ActiveCfg = Release|Any CPU
		{53BA54A8-9924-4FBA-B7A3-0BA5ABA4FE7F}.Release|Any CPU.Build.0 = Release|Any CPU
	EndGlobalSection
	GlobalSection(SolutionProperties) = preSolution
		HideSolutionNode = FALSE
	EndGlobalSection
	GlobalSection(ExtensibilityGlobals) = postSolution
		SolutionGuid = {0183EDFC-C9C5-4C03-8E8C-569D4466F8DC}
	EndGlobalSection
EndGlobal
