
Microsoft Visual Studio Solution File, Format Version 12.00
# Visual Studio Version 17
VisualStudioVersion = 17.10.35013.160
MinimumVisualStudioVersion = 10.0.40219.1
Project("{FAE04EC0-301F-11D3-BF4B-00C04F79EFBC}") = "DisconnectedArch", "DisconnectedArch\DisconnectedArch.csproj", "{45E5C19C-B90C-47C9-B0A8-6A1E9D0C222A}"
EndProject
Project("{FAE04EC0-301F-11D3-BF4B-00C04F79EFBC}") = "IO", "IO\IO.csproj", "{2AD1633D-59DF-4BDF-A91F-AADB34E7FE76}"
EndProject
Global
	GlobalSection(SolutionConfigurationPlatforms) = preSolution
		Debug|Any CPU = Debug|Any CPU
		Release|Any CPU = Release|Any CPU
	EndGlobalSection
	GlobalSection(ProjectConfigurationPlatforms) = postSolution
		{45E5C19C-B90C-47C9-B0A8-6A1E9D0C222A}.Debug|Any CPU.ActiveCfg = Debug|Any CPU
		{45E5C19C-B90C-47C9-B0A8-6A1E9D0C222A}.Debug|Any CPU.Build.0 = Debug|Any CPU
		{45E5C19C-B90C-47C9-B0A8-6A1E9D0C222A}.Release|Any CPU.ActiveCfg = Release|Any CPU
		{45E5C19C-B90C-47C9-B0A8-6A1E9D0C222A}.Release|Any CPU.Build.0 = Release|Any CPU
		{2AD1633D-59DF-4BDF-A91F-AADB34E7FE76}.Debug|Any CPU.ActiveCfg = Debug|Any CPU
		{2AD1633D-59DF-4BDF-A91F-AADB34E7FE76}.Debug|Any CPU.Build.0 = Debug|Any CPU
		{2AD1633D-59DF-4BDF-A91F-AADB34E7FE76}.Release|Any CPU.ActiveCfg = Release|Any CPU
		{2AD1633D-59DF-4BDF-A91F-AADB34E7FE76}.Release|Any CPU.Build.0 = Release|Any CPU
	EndGlobalSection
	GlobalSection(SolutionProperties) = preSolution
		HideSolutionNode = FALSE
	EndGlobalSection
	GlobalSection(ExtensibilityGlobals) = postSolution
		SolutionGuid = {921BBEA7-91DE-472B-8955-133D6921035A}
	EndGlobalSection
EndGlobal
